
Microsoft Visual Studio Solution File, Format Version 12.00
# Visual Studio 15
VisualStudioVersion = 15.0.28307.572
MinimumVisualStudioVersion = 10.0.40219.1
Project("{9A19103F-16F7-4668-BE54-9A1E7A4F7556}") = "TestProject2Prism", "TestProject2Prism\TestProject2Prism\TestProject2Prism.csproj", "{84DAC835-3EC6-46C2-BF80-33CA8B28A30D}"
EndProject
Project("{FAE04EC0-301F-11D3-BF4B-00C04F79EFBC}") = "TestProject2Prism.Android", "TestProject2Prism\TestProject2Prism.Android\TestProject2Prism.Android.csproj", "{17A7FF63-0E13-4F56-B525-6D6AEE714200}"
EndProject
Project("{FAE04EC0-301F-11D3-BF4B-00C04F79EFBC}") = "TestProject2Prism.iOS", "TestProject2Prism\TestProject2Prism.iOS\TestProject2Prism.iOS.csproj", "{B4313FB5-5915-4BFD-872D-286B044AFD4F}"
EndProject
Project("{9A19103F-16F7-4668-BE54-9A1E7A4F7556}") = "TestProject2Prism.Core", "TestProject2Prism.Core\TestProject2Prism.Core.csproj", "{4FDE9466-B809-4E3F-9E08-1C01DA56DDD5}"
EndProject
Project("{2150E333-8FDC-42A3-9474-1A3956D46DE8}") = "Moduls", "Moduls", "{C666CBD2-3AA1-4D78-AF36-2716DEA8DBA4}"
EndProject
Project("{FAE04EC0-301F-11D3-BF4B-00C04F79EFBC}") = "MoneyCharts", "MoneyCharts\MoneyCharts.csproj", "{80B09EBF-7C4B-4FDF-A974-08922E1C0D9C}"
EndProject
Project("{FAE04EC0-301F-11D3-BF4B-00C04F79EFBC}") = "ListRatesMoney", "ListRatesMoney\ListRatesMoney.csproj", "{7FF6DBBD-9B1A-4D03-83D9-D25CB3ACE02A}"
EndProject
Project("{FAE04EC0-301F-11D3-BF4B-00C04F79EFBC}") = "MoneyRatesGraphics", "MoneyRatesGraphics\MoneyRatesGraphics.csproj", "{79F00498-9661-45F2-B14E-85C3C27B6368}"
EndProject
Project("{FAE04EC0-301F-11D3-BF4B-00C04F79EFBC}") = "Behaviors", "Behaviors\Behaviors.csproj", "{09AD1D33-0830-4BAC-AD3C-64EDCB4EC6EC}"
EndProject
Global
	GlobalSection(SolutionConfigurationPlatforms) = preSolution
		Ad-Hoc|Any CPU = Ad-Hoc|Any CPU
		Ad-Hoc|iPhone = Ad-Hoc|iPhone
		Ad-Hoc|iPhoneSimulator = Ad-Hoc|iPhoneSimulator
		AppStore|Any CPU = AppStore|Any CPU
		AppStore|iPhone = AppStore|iPhone
		AppStore|iPhoneSimulator = AppStore|iPhoneSimulator
		Debug|Any CPU = Debug|Any CPU
		Debug|iPhone = Debug|iPhone
		Debug|iPhoneSimulator = Debug|iPhoneSimulator
		Release|Any CPU = Release|Any CPU
		Release|iPhone = Release|iPhone
		Release|iPhoneSimulator = Release|iPhoneSimulator
	EndGlobalSection
	GlobalSection(ProjectConfigurationPlatforms) = postSolution
		{84DAC835-3EC6-46C2-BF80-33CA8B28A30D}.Ad-Hoc|Any CPU.ActiveCfg = Debug|Any CPU
		{84DAC835-3EC6-46C2-BF80-33CA8B28A30D}.Ad-Hoc|Any CPU.Build.0 = Debug|Any CPU
		{84DAC835-3EC6-46C2-BF80-33CA8B28A30D}.Ad-Hoc|iPhone.ActiveCfg = Debug|Any CPU
		{84DAC835-3EC6-46C2-BF80-33CA8B28A30D}.Ad-Hoc|iPhone.Build.0 = Debug|Any CPU
		{84DAC835-3EC6-46C2-BF80-33CA8B28A30D}.Ad-Hoc|iPhoneSimulator.ActiveCfg = Debug|Any CPU
		{84DAC835-3EC6-46C2-BF80-33CA8B28A30D}.Ad-Hoc|iPhoneSimulator.Build.0 = Debug|Any CPU
		{84DAC835-3EC6-46C2-BF80-33CA8B28A30D}.AppStore|Any CPU.ActiveCfg = Debug|Any CPU
		{84DAC835-3EC6-46C2-BF80-33CA8B28A30D}.AppStore|Any CPU.Build.0 = Debug|Any CPU
		{84DAC835-3EC6-46C2-BF80-33CA8B28A30D}.AppStore|iPhone.ActiveCfg = Debug|Any CPU
		{84DAC835-3EC6-46C2-BF80-33CA8B28A30D}.AppStore|iPhone.Build.0 = Debug|Any CPU
		{84DAC835-3EC6-46C2-BF80-33CA8B28A30D}.AppStore|iPhoneSimulator.ActiveCfg = Debug|Any CPU
		{84DAC835-3EC6-46C2-BF80-33CA8B28A30D}.AppStore|iPhoneSimulator.Build.0 = Debug|Any CPU
		{84DAC835-3EC6-46C2-BF80-33CA8B28A30D}.Debug|Any CPU.ActiveCfg = Debug|Any CPU
		{84DAC835-3EC6-46C2-BF80-33CA8B28A30D}.Debug|Any CPU.Build.0 = Debug|Any CPU
		{84DAC835-3EC6-46C2-BF80-33CA8B28A30D}.Debug|iPhone.ActiveCfg = Debug|Any CPU
		{84DAC835-3EC6-46C2-BF80-33CA8B28A30D}.Debug|iPhone.Build.0 = Debug|Any CPU
		{84DAC835-3EC6-46C2-BF80-33CA8B28A30D}.Debug|iPhoneSimulator.ActiveCfg = Debug|Any CPU
		{84DAC835-3EC6-46C2-BF80-33CA8B28A30D}.Debug|iPhoneSimulator.Build.0 = Debug|Any CPU
		{84DAC835-3EC6-46C2-BF80-33CA8B28A30D}.Release|Any CPU.ActiveCfg = Release|Any CPU
		{84DAC835-3EC6-46C2-BF80-33CA8B28A30D}.Release|Any CPU.Build.0 = Release|Any CPU
		{84DAC835-3EC6-46C2-BF80-33CA8B28A30D}.Release|iPhone.ActiveCfg = Release|Any CPU
		{84DAC835-3EC6-46C2-BF80-33CA8B28A30D}.Release|iPhone.Build.0 = Release|Any CPU
		{84DAC835-3EC6-46C2-BF80-33CA8B28A30D}.Release|iPhoneSimulator.ActiveCfg = Release|Any CPU
		{84DAC835-3EC6-46C2-BF80-33CA8B28A30D}.Release|iPhoneSimulator.Build.0 = Release|Any CPU
		{17A7FF63-0E13-4F56-B525-6D6AEE714200}.Ad-Hoc|Any CPU.ActiveCfg = Release|Any CPU
		{17A7FF63-0E13-4F56-B525-6D6AEE714200}.Ad-Hoc|Any CPU.Build.0 = Release|Any CPU
		{17A7FF63-0E13-4F56-B525-6D6AEE714200}.Ad-Hoc|Any CPU.Deploy.0 = Release|Any CPU
		{17A7FF63-0E13-4F56-B525-6D6AEE714200}.Ad-Hoc|iPhone.ActiveCfg = Release|Any CPU
		{17A7FF63-0E13-4F56-B525-6D6AEE714200}.Ad-Hoc|iPhone.Build.0 = Release|Any CPU
		{17A7FF63-0E13-4F56-B525-6D6AEE714200}.Ad-Hoc|iPhone.Deploy.0 = Release|Any CPU
		{17A7FF63-0E13-4F56-B525-6D6AEE714200}.Ad-Hoc|iPhoneSimulator.ActiveCfg = Release|Any CPU
		{17A7FF63-0E13-4F56-B525-6D6AEE714200}.Ad-Hoc|iPhoneSimulator.Build.0 = Release|Any CPU
		{17A7FF63-0E13-4F56-B525-6D6AEE714200}.Ad-Hoc|iPhoneSimulator.Deploy.0 = Release|Any CPU
		{17A7FF63-0E13-4F56-B525-6D6AEE714200}.AppStore|Any CPU.ActiveCfg = Release|Any CPU
		{17A7FF63-0E13-4F56-B525-6D6AEE714200}.AppStore|Any CPU.Build.0 = Release|Any CPU
		{17A7FF63-0E13-4F56-B525-6D6AEE714200}.AppStore|Any CPU.Deploy.0 = Release|Any CPU
		{17A7FF63-0E13-4F56-B525-6D6AEE714200}.AppStore|iPhone.ActiveCfg = Release|Any CPU
		{17A7FF63-0E13-4F56-B525-6D6AEE714200}.AppStore|iPhone.Build.0 = Release|Any CPU
		{17A7FF63-0E13-4F56-B525-6D6AEE714200}.AppStore|iPhone.Deploy.0 = Release|Any CPU
		{17A7FF63-0E13-4F56-B525-6D6AEE714200}.AppStore|iPhoneSimulator.ActiveCfg = Release|Any CPU
		{17A7FF63-0E13-4F56-B525-6D6AEE714200}.AppStore|iPhoneSimulator.Build.0 = Release|Any CPU
		{17A7FF63-0E13-4F56-B525-6D6AEE714200}.AppStore|iPhoneSimulator.Deploy.0 = Release|Any CPU
		{17A7FF63-0E13-4F56-B525-6D6AEE714200}.Debug|Any CPU.ActiveCfg = Debug|Any CPU
		{17A7FF63-0E13-4F56-B525-6D6AEE714200}.Debug|Any CPU.Build.0 = Debug|Any CPU
		{17A7FF63-0E13-4F56-B525-6D6AEE714200}.Debug|Any CPU.Deploy.0 = Debug|Any CPU
		{17A7FF63-0E13-4F56-B525-6D6AEE714200}.Debug|iPhone.ActiveCfg = Debug|Any CPU
		{17A7FF63-0E13-4F56-B525-6D6AEE714200}.Debug|iPhone.Build.0 = Debug|Any CPU
		{17A7FF63-0E13-4F56-B525-6D6AEE714200}.Debug|iPhone.Deploy.0 = Debug|Any CPU
		{17A7FF63-0E13-4F56-B525-6D6AEE714200}.Debug|iPhoneSimulator.ActiveCfg = Debug|Any CPU
		{17A7FF63-0E13-4F56-B525-6D6AEE714200}.Debug|iPhoneSimulator.Build.0 = Debug|Any CPU
		{17A7FF63-0E13-4F56-B525-6D6AEE714200}.Debug|iPhoneSimulator.Deploy.0 = Debug|Any CPU
		{17A7FF63-0E13-4F56-B525-6D6AEE714200}.Release|Any CPU.ActiveCfg = Release|Any CPU
		{17A7FF63-0E13-4F56-B525-6D6AEE714200}.Release|Any CPU.Build.0 = Release|Any CPU
		{17A7FF63-0E13-4F56-B525-6D6AEE714200}.Release|Any CPU.Deploy.0 = Release|Any CPU
		{17A7FF63-0E13-4F56-B525-6D6AEE714200}.Release|iPhone.ActiveCfg = Release|Any CPU
		{17A7FF63-0E13-4F56-B525-6D6AEE714200}.Release|iPhone.Build.0 = Release|Any CPU
		{17A7FF63-0E13-4F56-B525-6D6AEE714200}.Release|iPhone.Deploy.0 = Release|Any CPU
		{17A7FF63-0E13-4F56-B525-6D6AEE714200}.Release|iPhoneSimulator.ActiveCfg = Release|Any CPU
		{17A7FF63-0E13-4F56-B525-6D6AEE714200}.Release|iPhoneSimulator.Build.0 = Release|Any CPU
		{17A7FF63-0E13-4F56-B525-6D6AEE714200}.Release|iPhoneSimulator.Deploy.0 = Release|Any CPU
		{B4313FB5-5915-4BFD-872D-286B044AFD4F}.Ad-Hoc|Any CPU.ActiveCfg = Ad-Hoc|iPhone
		{B4313FB5-5915-4BFD-872D-286B044AFD4F}.Ad-Hoc|iPhone.ActiveCfg = Ad-Hoc|iPhone
		{B4313FB5-5915-4BFD-872D-286B044AFD4F}.Ad-Hoc|iPhone.Build.0 = Ad-Hoc|iPhone
		{B4313FB5-5915-4BFD-872D-286B044AFD4F}.Ad-Hoc|iPhoneSimulator.ActiveCfg = Ad-Hoc|iPhoneSimulator
		{B4313FB5-5915-4BFD-872D-286B044AFD4F}.Ad-Hoc|iPhoneSimulator.Build.0 = Ad-Hoc|iPhoneSimulator
		{B4313FB5-5915-4BFD-872D-286B044AFD4F}.AppStore|Any CPU.ActiveCfg = AppStore|iPhone
		{B4313FB5-5915-4BFD-872D-286B044AFD4F}.AppStore|iPhone.ActiveCfg = AppStore|iPhone
		{B4313FB5-5915-4BFD-872D-286B044AFD4F}.AppStore|iPhone.Build.0 = AppStore|iPhone
		{B4313FB5-5915-4BFD-872D-286B044AFD4F}.AppStore|iPhoneSimulator.ActiveCfg = AppStore|iPhoneSimulator
		{B4313FB5-5915-4BFD-872D-286B044AFD4F}.AppStore|iPhoneSimulator.Build.0 = AppStore|iPhoneSimulator
		{B4313FB5-5915-4BFD-872D-286B044AFD4F}.Debug|Any CPU.ActiveCfg = Debug|iPhone
		{B4313FB5-5915-4BFD-872D-286B044AFD4F}.Debug|iPhone.ActiveCfg = Debug|iPhone
		{B4313FB5-5915-4BFD-872D-286B044AFD4F}.Debug|iPhone.Build.0 = Debug|iPhone
		{B4313FB5-5915-4BFD-872D-286B044AFD4F}.Debug|iPhoneSimulator.ActiveCfg = Debug|iPhoneSimulator
		{B4313FB5-5915-4BFD-872D-286B044AFD4F}.Debug|iPhoneSimulator.Build.0 = Debug|iPhoneSimulator
		{B4313FB5-5915-4BFD-872D-286B044AFD4F}.Release|Any CPU.ActiveCfg = Release|iPhone
		{B4313FB5-5915-4BFD-872D-286B044AFD4F}.Release|iPhone.ActiveCfg = Release|iPhone
		{B4313FB5-5915-4BFD-872D-286B044AFD4F}.Release|iPhone.Build.0 = Release|iPhone
		{B4313FB5-5915-4BFD-872D-286B044AFD4F}.Release|iPhoneSimulator.ActiveCfg = Release|iPhoneSimulator
		{B4313FB5-5915-4BFD-872D-286B044AFD4F}.Release|iPhoneSimulator.Build.0 = Release|iPhoneSimulator
		{4FDE9466-B809-4E3F-9E08-1C01DA56DDD5}.Ad-Hoc|Any CPU.ActiveCfg = Debug|Any CPU
		{4FDE9466-B809-4E3F-9E08-1C01DA56DDD5}.Ad-Hoc|Any CPU.Build.0 = Debug|Any CPU
		{4FDE9466-B809-4E3F-9E08-1C01DA56DDD5}.Ad-Hoc|iPhone.ActiveCfg = Debug|Any CPU
		{4FDE9466-B809-4E3F-9E08-1C01DA56DDD5}.Ad-Hoc|iPhone.Build.0 = Debug|Any CPU
		{4FDE9466-B809-4E3F-9E08-1C01DA56DDD5}.Ad-Hoc|iPhoneSimulator.ActiveCfg = Debug|Any CPU
		{4FDE9466-B809-4E3F-9E08-1C01DA56DDD5}.Ad-Hoc|iPhoneSimulator.Build.0 = Debug|Any CPU
		{4FDE9466-B809-4E3F-9E08-1C01DA56DDD5}.AppStore|Any CPU.ActiveCfg = Debug|Any CPU
		{4FDE9466-B809-4E3F-9E08-1C01DA56DDD5}.AppStore|Any CPU.Build.0 = Debug|Any CPU
		{4FDE9466-B809-4E3F-9E08-1C01DA56DDD5}.AppStore|iPhone.ActiveCfg = Debug|Any CPU
		{4FDE9466-B809-4E3F-9E08-1C01DA56DDD5}.AppStore|iPhone.Build.0 = Debug|Any CPU
		{4FDE9466-B809-4E3F-9E08-1C01DA56DDD5}.AppStore|iPhoneSimulator.ActiveCfg = Debug|Any CPU
		{4FDE9466-B809-4E3F-9E08-1C01DA56DDD5}.AppStore|iPhoneSimulator.Build.0 = Debug|Any CPU
		{4FDE9466-B809-4E3F-9E08-1C01DA56DDD5}.Debug|Any CPU.ActiveCfg = Debug|Any CPU
		{4FDE9466-B809-4E3F-9E08-1C01DA56DDD5}.Debug|Any CPU.Build.0 = Debug|Any CPU
		{4FDE9466-B809-4E3F-9E08-1C01DA56DDD5}.Debug|iPhone.ActiveCfg = Debug|Any CPU
		{4FDE9466-B809-4E3F-9E08-1C01DA56DDD5}.Debug|iPhone.Build.0 = Debug|Any CPU
		{4FDE9466-B809-4E3F-9E08-1C01DA56DDD5}.Debug|iPhoneSimulator.ActiveCfg = Debug|Any CPU
		{4FDE9466-B809-4E3F-9E08-1C01DA56DDD5}.Debug|iPhoneSimulator.Build.0 = Debug|Any CPU
		{4FDE9466-B809-4E3F-9E08-1C01DA56DDD5}.Release|Any CPU.ActiveCfg = Release|Any CPU
		{4FDE9466-B809-4E3F-9E08-1C01DA56DDD5}.Release|Any CPU.Build.0 = Release|Any CPU
		{4FDE9466-B809-4E3F-9E08-1C01DA56DDD5}.Release|iPhone.ActiveCfg = Release|Any CPU
		{4FDE9466-B809-4E3F-9E08-1C01DA56DDD5}.Release|iPhone.Build.0 = Release|Any CPU
		{4FDE9466-B809-4E3F-9E08-1C01DA56DDD5}.Release|iPhoneSimulator.ActiveCfg = Release|Any CPU
		{4FDE9466-B809-4E3F-9E08-1C01DA56DDD5}.Release|iPhoneSimulator.Build.0 = Release|Any CPU
		{80B09EBF-7C4B-4FDF-A974-08922E1C0D9C}.Ad-Hoc|Any CPU.ActiveCfg = Debug|Any CPU
		{80B09EBF-7C4B-4FDF-A974-08922E1C0D9C}.Ad-Hoc|Any CPU.Build.0 = Debug|Any CPU
		{80B09EBF-7C4B-4FDF-A974-08922E1C0D9C}.Ad-Hoc|iPhone.ActiveCfg = Debug|Any CPU
		{80B09EBF-7C4B-4FDF-A974-08922E1C0D9C}.Ad-Hoc|iPhone.Build.0 = Debug|Any CPU
		{80B09EBF-7C4B-4FDF-A974-08922E1C0D9C}.Ad-Hoc|iPhoneSimulator.ActiveCfg = Debug|Any CPU
		{80B09EBF-7C4B-4FDF-A974-08922E1C0D9C}.Ad-Hoc|iPhoneSimulator.Build.0 = Debug|Any CPU
		{80B09EBF-7C4B-4FDF-A974-08922E1C0D9C}.AppStore|Any CPU.ActiveCfg = Debug|Any CPU
		{80B09EBF-7C4B-4FDF-A974-08922E1C0D9C}.AppStore|Any CPU.Build.0 = Debug|Any CPU
		{80B09EBF-7C4B-4FDF-A974-08922E1C0D9C}.AppStore|iPhone.ActiveCfg = Debug|Any CPU
		{80B09EBF-7C4B-4FDF-A974-08922E1C0D9C}.AppStore|iPhone.Build.0 = Debug|Any CPU
		{80B09EBF-7C4B-4FDF-A974-08922E1C0D9C}.AppStore|iPhoneSimulator.ActiveCfg = Debug|Any CPU
		{80B09EBF-7C4B-4FDF-A974-08922E1C0D9C}.AppStore|iPhoneSimulator.Build.0 = Debug|Any CPU
		{80B09EBF-7C4B-4FDF-A974-08922E1C0D9C}.Debug|Any CPU.ActiveCfg = Debug|Any CPU
		{80B09EBF-7C4B-4FDF-A974-08922E1C0D9C}.Debug|Any CPU.Build.0 = Debug|Any CPU
		{80B09EBF-7C4B-4FDF-A974-08922E1C0D9C}.Debug|iPhone.ActiveCfg = Debug|Any CPU
		{80B09EBF-7C4B-4FDF-A974-08922E1C0D9C}.Debug|iPhone.Build.0 = Debug|Any CPU
		{80B09EBF-7C4B-4FDF-A974-08922E1C0D9C}.Debug|iPhoneSimulator.ActiveCfg = Debug|Any CPU
		{80B09EBF-7C4B-4FDF-A974-08922E1C0D9C}.Debug|iPhoneSimulator.Build.0 = Debug|Any CPU
		{80B09EBF-7C4B-4FDF-A974-08922E1C0D9C}.Release|Any CPU.ActiveCfg = Release|Any CPU
		{80B09EBF-7C4B-4FDF-A974-08922E1C0D9C}.Release|Any CPU.Build.0 = Release|Any CPU
		{80B09EBF-7C4B-4FDF-A974-08922E1C0D9C}.Release|iPhone.ActiveCfg = Release|Any CPU
		{80B09EBF-7C4B-4FDF-A974-08922E1C0D9C}.Release|iPhone.Build.0 = Release|Any CPU
		{80B09EBF-7C4B-4FDF-A974-08922E1C0D9C}.Release|iPhoneSimulator.ActiveCfg = Release|Any CPU
		{80B09EBF-7C4B-4FDF-A974-08922E1C0D9C}.Release|iPhoneSimulator.Build.0 = Release|Any CPU
		{7FF6DBBD-9B1A-4D03-83D9-D25CB3ACE02A}.Ad-Hoc|Any CPU.ActiveCfg = Debug|Any CPU
		{7FF6DBBD-9B1A-4D03-83D9-D25CB3ACE02A}.Ad-Hoc|Any CPU.Build.0 = Debug|Any CPU
		{7FF6DBBD-9B1A-4D03-83D9-D25CB3ACE02A}.Ad-Hoc|iPhone.ActiveCfg = Debug|Any CPU
		{7FF6DBBD-9B1A-4D03-83D9-D25CB3ACE02A}.Ad-Hoc|iPhone.Build.0 = Debug|Any CPU
		{7FF6DBBD-9B1A-4D03-83D9-D25CB3ACE02A}.Ad-Hoc|iPhoneSimulator.ActiveCfg = Debug|Any CPU
		{7FF6DBBD-9B1A-4D03-83D9-D25CB3ACE02A}.Ad-Hoc|iPhoneSimulator.Build.0 = Debug|Any CPU
		{7FF6DBBD-9B1A-4D03-83D9-D25CB3ACE02A}.AppStore|Any CPU.ActiveCfg = Debug|Any CPU
		{7FF6DBBD-9B1A-4D03-83D9-D25CB3ACE02A}.AppStore|Any CPU.Build.0 = Debug|Any CPU
		{7FF6DBBD-9B1A-4D03-83D9-D25CB3ACE02A}.AppStore|iPhone.ActiveCfg = Debug|Any CPU
		{7FF6DBBD-9B1A-4D03-83D9-D25CB3ACE02A}.AppStore|iPhone.Build.0 = Debug|Any CPU
		{7FF6DBBD-9B1A-4D03-83D9-D25CB3ACE02A}.AppStore|iPhoneSimulator.ActiveCfg = Debug|Any CPU
		{7FF6DBBD-9B1A-4D03-83D9-D25CB3ACE02A}.AppStore|iPhoneSimulator.Build.0 = Debug|Any CPU
		{7FF6DBBD-9B1A-4D03-83D9-D25CB3ACE02A}.Debug|Any CPU.ActiveCfg = Debug|Any CPU
		{7FF6DBBD-9B1A-4D03-83D9-D25CB3ACE02A}.Debug|Any CPU.Build.0 = Debug|Any CPU
		{7FF6DBBD-9B1A-4D03-83D9-D25CB3ACE02A}.Debug|iPhone.ActiveCfg = Debug|Any CPU
		{7FF6DBBD-9B1A-4D03-83D9-D25CB3ACE02A}.Debug|iPhone.Build.0 = Debug|Any CPU
		{7FF6DBBD-9B1A-4D03-83D9-D25CB3ACE02A}.Debug|iPhoneSimulator.ActiveCfg = Debug|Any CPU
		{7FF6DBBD-9B1A-4D03-83D9-D25CB3ACE02A}.Debug|iPhoneSimulator.Build.0 = Debug|Any CPU
		{7FF6DBBD-9B1A-4D03-83D9-D25CB3ACE02A}.Release|Any CPU.ActiveCfg = Release|Any CPU
		{7FF6DBBD-9B1A-4D03-83D9-D25CB3ACE02A}.Release|Any CPU.Build.0 = Release|Any CPU
		{7FF6DBBD-9B1A-4D03-83D9-D25CB3ACE02A}.Release|iPhone.ActiveCfg = Release|Any CPU
		{7FF6DBBD-9B1A-4D03-83D9-D25CB3ACE02A}.Release|iPhone.Build.0 = Release|Any CPU
		{7FF6DBBD-9B1A-4D03-83D9-D25CB3ACE02A}.Release|iPhoneSimulator.ActiveCfg = Release|Any CPU
		{7FF6DBBD-9B1A-4D03-83D9-D25CB3ACE02A}.Release|iPhoneSimulator.Build.0 = Release|Any CPU
		{79F00498-9661-45F2-B14E-85C3C27B6368}.Ad-Hoc|Any CPU.ActiveCfg = Debug|Any CPU
		{79F00498-9661-45F2-B14E-85C3C27B6368}.Ad-Hoc|Any CPU.Build.0 = Debug|Any CPU
		{79F00498-9661-45F2-B14E-85C3C27B6368}.Ad-Hoc|iPhone.ActiveCfg = Debug|Any CPU
		{79F00498-9661-45F2-B14E-85C3C27B6368}.Ad-Hoc|iPhone.Build.0 = Debug|Any CPU
		{79F00498-9661-45F2-B14E-85C3C27B6368}.Ad-Hoc|iPhoneSimulator.ActiveCfg = Debug|Any CPU
		{79F00498-9661-45F2-B14E-85C3C27B6368}.Ad-Hoc|iPhoneSimulator.Build.0 = Debug|Any CPU
		{79F00498-9661-45F2-B14E-85C3C27B6368}.AppStore|Any CPU.ActiveCfg = Debug|Any CPU
		{79F00498-9661-45F2-B14E-85C3C27B6368}.AppStore|Any CPU.Build.0 = Debug|Any CPU
		{79F00498-9661-45F2-B14E-85C3C27B6368}.AppStore|iPhone.ActiveCfg = Debug|Any CPU
		{79F00498-9661-45F2-B14E-85C3C27B6368}.AppStore|iPhone.Build.0 = Debug|Any CPU
		{79F00498-9661-45F2-B14E-85C3C27B6368}.AppStore|iPhoneSimulator.ActiveCfg = Debug|Any CPU
		{79F00498-9661-45F2-B14E-85C3C27B6368}.AppStore|iPhoneSimulator.Build.0 = Debug|Any CPU
		{79F00498-9661-45F2-B14E-85C3C27B6368}.Debug|Any CPU.ActiveCfg = Debug|Any CPU
		{79F00498-9661-45F2-B14E-85C3C27B6368}.Debug|Any CPU.Build.0 = Debug|Any CPU
		{79F00498-9661-45F2-B14E-85C3C27B6368}.Debug|iPhone.ActiveCfg = Debug|Any CPU
		{79F00498-9661-45F2-B14E-85C3C27B6368}.Debug|iPhone.Build.0 = Debug|Any CPU
		{79F00498-9661-45F2-B14E-85C3C27B6368}.Debug|iPhoneSimulator.ActiveCfg = Debug|Any CPU
		{79F00498-9661-45F2-B14E-85C3C27B6368}.Debug|iPhoneSimulator.Build.0 = Debug|Any CPU
		{79F00498-9661-45F2-B14E-85C3C27B6368}.Release|Any CPU.ActiveCfg = Release|Any CPU
		{79F00498-9661-45F2-B14E-85C3C27B6368}.Release|Any CPU.Build.0 = Release|Any CPU
		{79F00498-9661-45F2-B14E-85C3C27B6368}.Release|iPhone.ActiveCfg = Release|Any CPU
		{79F00498-9661-45F2-B14E-85C3C27B6368}.Release|iPhone.Build.0 = Release|Any CPU
		{79F00498-9661-45F2-B14E-85C3C27B6368}.Release|iPhoneSimulator.ActiveCfg = Release|Any CPU
		{79F00498-9661-45F2-B14E-85C3C27B6368}.Release|iPhoneSimulator.Build.0 = Release|Any CPU
		{09AD1D33-0830-4BAC-AD3C-64EDCB4EC6EC}.Ad-Hoc|Any CPU.ActiveCfg = Debug|Any CPU
		{09AD1D33-0830-4BAC-AD3C-64EDCB4EC6EC}.Ad-Hoc|Any CPU.Build.0 = Debug|Any CPU
		{09AD1D33-0830-4BAC-AD3C-64EDCB4EC6EC}.Ad-Hoc|iPhone.ActiveCfg = Debug|Any CPU
		{09AD1D33-0830-4BAC-AD3C-64EDCB4EC6EC}.Ad-Hoc|iPhone.Build.0 = Debug|Any CPU
		{09AD1D33-0830-4BAC-AD3C-64EDCB4EC6EC}.Ad-Hoc|iPhoneSimulator.ActiveCfg = Debug|Any CPU
		{09AD1D33-0830-4BAC-AD3C-64EDCB4EC6EC}.Ad-Hoc|iPhoneSimulator.Build.0 = Debug|Any CPU
		{09AD1D33-0830-4BAC-AD3C-64EDCB4EC6EC}.AppStore|Any CPU.ActiveCfg = Debug|Any CPU
		{09AD1D33-0830-4BAC-AD3C-64EDCB4EC6EC}.AppStore|Any CPU.Build.0 = Debug|Any CPU
		{09AD1D33-0830-4BAC-AD3C-64EDCB4EC6EC}.AppStore|iPhone.ActiveCfg = Debug|Any CPU
		{09AD1D33-0830-4BAC-AD3C-64EDCB4EC6EC}.AppStore|iPhone.Build.0 = Debug|Any CPU
		{09AD1D33-0830-4BAC-AD3C-64EDCB4EC6EC}.AppStore|iPhoneSimulator.ActiveCfg = Debug|Any CPU
		{09AD1D33-0830-4BAC-AD3C-64EDCB4EC6EC}.AppStore|iPhoneSimulator.Build.0 = Debug|Any CPU
		{09AD1D33-0830-4BAC-AD3C-64EDCB4EC6EC}.Debug|Any CPU.ActiveCfg = Debug|Any CPU
		{09AD1D33-0830-4BAC-AD3C-64EDCB4EC6EC}.Debug|Any CPU.Build.0 = Debug|Any CPU
		{09AD1D33-0830-4BAC-AD3C-64EDCB4EC6EC}.Debug|iPhone.ActiveCfg = Debug|Any CPU
		{09AD1D33-0830-4BAC-AD3C-64EDCB4EC6EC}.Debug|iPhone.Build.0 = Debug|Any CPU
		{09AD1D33-0830-4BAC-AD3C-64EDCB4EC6EC}.Debug|iPhoneSimulator.ActiveCfg = Debug|Any CPU
		{09AD1D33-0830-4BAC-AD3C-64EDCB4EC6EC}.Debug|iPhoneSimulator.Build.0 = Debug|Any CPU
		{09AD1D33-0830-4BAC-AD3C-64EDCB4EC6EC}.Release|Any CPU.ActiveCfg = Release|Any CPU
		{09AD1D33-0830-4BAC-AD3C-64EDCB4EC6EC}.Release|Any CPU.Build.0 = Release|Any CPU
		{09AD1D33-0830-4BAC-AD3C-64EDCB4EC6EC}.Release|iPhone.ActiveCfg = Release|Any CPU
		{09AD1D33-0830-4BAC-AD3C-64EDCB4EC6EC}.Release|iPhone.Build.0 = Release|Any CPU
		{09AD1D33-0830-4BAC-AD3C-64EDCB4EC6EC}.Release|iPhoneSimulator.ActiveCfg = Release|Any CPU
		{09AD1D33-0830-4BAC-AD3C-64EDCB4EC6EC}.Release|iPhoneSimulator.Build.0 = Release|Any CPU
	EndGlobalSection
	GlobalSection(SolutionProperties) = preSolution
		HideSolutionNode = FALSE
	EndGlobalSection
	GlobalSection(NestedProjects) = preSolution
		{80B09EBF-7C4B-4FDF-A974-08922E1C0D9C} = {C666CBD2-3AA1-4D78-AF36-2716DEA8DBA4}
		{7FF6DBBD-9B1A-4D03-83D9-D25CB3ACE02A} = {C666CBD2-3AA1-4D78-AF36-2716DEA8DBA4}
		{79F00498-9661-45F2-B14E-85C3C27B6368} = {C666CBD2-3AA1-4D78-AF36-2716DEA8DBA4}
		{09AD1D33-0830-4BAC-AD3C-64EDCB4EC6EC} = {C666CBD2-3AA1-4D78-AF36-2716DEA8DBA4}
	EndGlobalSection
	GlobalSection(ExtensibilityGlobals) = postSolution
		SolutionGuid = {F277AEF7-8FB1-4104-8C31-BCE12FD81CF5}
	EndGlobalSection
EndGlobal
